
Microsoft Visual Studio Solution File, Format Version 12.00
# Visual Studio Version 16
VisualStudioVersion = 16.0.33214.272
MinimumVisualStudioVersion = 10.0.40219.1
Project("{FAE04EC0-301F-11D3-BF4B-00C04F79EFBC}") = "firstMVCAppDemo", "firstMVCAppDemo\firstMVCAppDemo.csproj", "{A0E65910-4BC4-4688-BFB1-7DB1FDDB936E}"
EndProject
Global
	GlobalSection(SolutionConfigurationPlatforms) = preSolution
		Debug|Any CPU = Debug|Any CPU
		Release|Any CPU = Release|Any CPU
	EndGlobalSection
	GlobalSection(ProjectConfigurationPlatforms) = postSolution
		{A0E65910-4BC4-4688-BFB1-7DB1FDDB936E}.Debug|Any CPU.ActiveCfg = Debug|Any CPU
		{A0E65910-4BC4-4688-BFB1-7DB1FDDB936E}.Debug|Any CPU.Build.0 = Debug|Any CPU
		{A0E65910-4BC4-4688-BFB1-7DB1FDDB936E}.Release|Any CPU.ActiveCfg = Release|Any CPU
		{A0E65910-4BC4-4688-BFB1-7DB1FDDB936E}.Release|Any CPU.Build.0 = Release|Any CPU
	EndGlobalSection
	GlobalSection(SolutionProperties) = preSolution
		HideSolutionNode = FALSE
	EndGlobalSection
	GlobalSection(ExtensibilityGlobals) = postSolution
		SolutionGuid = {377C3228-FD95-49EB-A06D-0A028A479A5D}
	EndGlobalSection
EndGlobal
